
Microsoft Visual Studio Solution File, Format Version 12.00
# Visual Studio Version 17
VisualStudioVersion = 17.2.32526.322
MinimumVisualStudioVersion = 10.0.40219.1
Project("{9A19103F-16F7-4668-BE54-9A1E7A4F7556}") = "NiTiS.Registry", "Source\NiTiS.Registry.csproj", "{50B4D205-C449-41DD-AA74-DA14EEFD3B03}"
EndProject
Project("{FAE04EC0-301F-11D3-BF4B-00C04F79EFBC}") = "NiTiS.Registry.Tests", "Tests\NiTiS.Registry.Tests\NiTiS.Registry.Tests.csproj", "{F253F01F-61E3-4A58-8445-DC5872D4FB96}"
EndProject
Global
	GlobalSection(SolutionConfigurationPlatforms) = preSolution
		Debug|Any CPU = Debug|Any CPU
		Release|Any CPU = Release|Any CPU
	EndGlobalSection
	GlobalSection(ProjectConfigurationPlatforms) = postSolution
		{50B4D205-C449-41DD-AA74-DA14EEFD3B03}.Debug|Any CPU.ActiveCfg = Debug|Any CPU
		{50B4D205-C449-41DD-AA74-DA14EEFD3B03}.Debug|Any CPU.Build.0 = Debug|Any CPU
		{50B4D205-C449-41DD-AA74-DA14EEFD3B03}.Release|Any CPU.ActiveCfg = Release|Any CPU
		{50B4D205-C449-41DD-AA74-DA14EEFD3B03}.Release|Any CPU.Build.0 = Release|Any CPU
		{F253F01F-61E3-4A58-8445-DC5872D4FB96}.Debug|Any CPU.ActiveCfg = Debug|Any CPU
		{F253F01F-61E3-4A58-8445-DC5872D4FB96}.Debug|Any CPU.Build.0 = Debug|Any CPU
		{F253F01F-61E3-4A58-8445-DC5872D4FB96}.Release|Any CPU.ActiveCfg = Release|Any CPU
		{F253F01F-61E3-4A58-8445-DC5872D4FB96}.Release|Any CPU.Build.0 = Release|Any CPU
	EndGlobalSection
	GlobalSection(SolutionProperties) = preSolution
		HideSolutionNode = FALSE
	EndGlobalSection
	GlobalSection(ExtensibilityGlobals) = postSolution
		SolutionGuid = {D9A9F93D-1794-4D4D-B037-3717A74ADF26}
	EndGlobalSection
EndGlobal
